
Microsoft Visual Studio Solution File, Format Version 12.00
# Visual Studio Version 17
VisualStudioVersion = 17.10.34916.146
MinimumVisualStudioVersion = 10.0.40219.1
Project("{FAE04EC0-301F-11D3-BF4B-00C04F79EFBC}") = "SueldoTrabajador5003073", "SueldoTrabajador5003073\SueldoTrabajador5003073.csproj", "{76A89902-EDF5-4CFB-A46C-BFA4D22CEDDF}"
EndProject
Global
	GlobalSection(SolutionConfigurationPlatforms) = preSolution
		Debug|Any CPU = Debug|Any CPU
		Release|Any CPU = Release|Any CPU
	EndGlobalSection
	GlobalSection(ProjectConfigurationPlatforms) = postSolution
		{76A89902-EDF5-4CFB-A46C-BFA4D22CEDDF}.Debug|Any CPU.ActiveCfg = Debug|Any CPU
		{76A89902-EDF5-4CFB-A46C-BFA4D22CEDDF}.Debug|Any CPU.Build.0 = Debug|Any CPU
		{76A89902-EDF5-4CFB-A46C-BFA4D22CEDDF}.Debug|Any CPU.Deploy.0 = Debug|Any CPU
		{76A89902-EDF5-4CFB-A46C-BFA4D22CEDDF}.Release|Any CPU.ActiveCfg = Release|Any CPU
		{76A89902-EDF5-4CFB-A46C-BFA4D22CEDDF}.Release|Any CPU.Build.0 = Release|Any CPU
		{76A89902-EDF5-4CFB-A46C-BFA4D22CEDDF}.Release|Any CPU.Deploy.0 = Release|Any CPU
	EndGlobalSection
	GlobalSection(SolutionProperties) = preSolution
		HideSolutionNode = FALSE
	EndGlobalSection
	GlobalSection(ExtensibilityGlobals) = postSolution
		SolutionGuid = {C3EE68A7-BF5B-4E0F-BA60-0BD2C381C94B}
	EndGlobalSection
EndGlobal
